
Microsoft Visual Studio Solution File, Format Version 12.00
# Visual Studio Version 17
VisualStudioVersion = 17.2.32602.215
MinimumVisualStudioVersion = 10.0.40219.1
Project("{9A19103F-16F7-4668-BE54-9A1E7A4F7556}") = "EMS.API", "EMS.API\EMS.API.csproj", "{41807D51-A80E-428C-90F6-94420A00606A}"
EndProject
Project("{9A19103F-16F7-4668-BE54-9A1E7A4F7556}") = "EMS.Model", "EMS.Model\EMS.Model.csproj", "{838F8FBB-F287-447B-900C-F01B89A46C90}"
EndProject
Project("{9A19103F-16F7-4668-BE54-9A1E7A4F7556}") = "EMS.DataService", "EMS.DataService\EMS.DataService.csproj", "{A11EE361-E567-4957-94A9-18A977F17A52}"
EndProject
Project("{9A19103F-16F7-4668-BE54-9A1E7A4F7556}") = "EMS.BuisnessService", "EMS.BuisnessService\EMS.BuisnessService.csproj", "{B56A14A3-E3F7-44C4-887F-319D99D3757B}"
EndProject
Project("{FAE04EC0-301F-11D3-BF4B-00C04F79EFBC}") = "EMS.CommonAdmin", "EMS.CommonAdmin\EMS.CommonAdmin.csproj", "{C0B3B9A2-7745-4A5C-AF20-40121CB3D462}"
EndProject
Global
	GlobalSection(SolutionConfigurationPlatforms) = preSolution
		Debug|Any CPU = Debug|Any CPU
		Release|Any CPU = Release|Any CPU
	EndGlobalSection
	GlobalSection(ProjectConfigurationPlatforms) = postSolution
		{41807D51-A80E-428C-90F6-94420A00606A}.Debug|Any CPU.ActiveCfg = Debug|Any CPU
		{41807D51-A80E-428C-90F6-94420A00606A}.Debug|Any CPU.Build.0 = Debug|Any CPU
		{41807D51-A80E-428C-90F6-94420A00606A}.Release|Any CPU.ActiveCfg = Release|Any CPU
		{41807D51-A80E-428C-90F6-94420A00606A}.Release|Any CPU.Build.0 = Release|Any CPU
		{838F8FBB-F287-447B-900C-F01B89A46C90}.Debug|Any CPU.ActiveCfg = Debug|Any CPU
		{838F8FBB-F287-447B-900C-F01B89A46C90}.Debug|Any CPU.Build.0 = Debug|Any CPU
		{838F8FBB-F287-447B-900C-F01B89A46C90}.Release|Any CPU.ActiveCfg = Release|Any CPU
		{838F8FBB-F287-447B-900C-F01B89A46C90}.Release|Any CPU.Build.0 = Release|Any CPU
		{A11EE361-E567-4957-94A9-18A977F17A52}.Debug|Any CPU.ActiveCfg = Debug|Any CPU
		{A11EE361-E567-4957-94A9-18A977F17A52}.Debug|Any CPU.Build.0 = Debug|Any CPU
		{A11EE361-E567-4957-94A9-18A977F17A52}.Release|Any CPU.ActiveCfg = Release|Any CPU
		{A11EE361-E567-4957-94A9-18A977F17A52}.Release|Any CPU.Build.0 = Release|Any CPU
		{B56A14A3-E3F7-44C4-887F-319D99D3757B}.Debug|Any CPU.ActiveCfg = Debug|Any CPU
		{B56A14A3-E3F7-44C4-887F-319D99D3757B}.Debug|Any CPU.Build.0 = Debug|Any CPU
		{B56A14A3-E3F7-44C4-887F-319D99D3757B}.Release|Any CPU.ActiveCfg = Release|Any CPU
		{B56A14A3-E3F7-44C4-887F-319D99D3757B}.Release|Any CPU.Build.0 = Release|Any CPU
		{C0B3B9A2-7745-4A5C-AF20-40121CB3D462}.Debug|Any CPU.ActiveCfg = Debug|Any CPU
		{C0B3B9A2-7745-4A5C-AF20-40121CB3D462}.Debug|Any CPU.Build.0 = Debug|Any CPU
		{C0B3B9A2-7745-4A5C-AF20-40121CB3D462}.Release|Any CPU.ActiveCfg = Release|Any CPU
		{C0B3B9A2-7745-4A5C-AF20-40121CB3D462}.Release|Any CPU.Build.0 = Release|Any CPU
	EndGlobalSection
	GlobalSection(SolutionProperties) = preSolution
		HideSolutionNode = FALSE
	EndGlobalSection
	GlobalSection(ExtensibilityGlobals) = postSolution
		SolutionGuid = {F2B475B1-3BEE-4738-A2F0-48706DD44C6A}
	EndGlobalSection
EndGlobal
